
Microsoft Visual Studio Solution File, Format Version 12.00
# Visual Studio Version 17
VisualStudioVersion = 17.13.35919.96
MinimumVisualStudioVersion = 10.0.40219.1
Project("{FAE04EC0-301F-11D3-BF4B-00C04F79EFBC}") = "Sample1", "Sample1.csproj", "{573558D0-4F29-4C4B-B679-792BD6603809}"
EndProject
Project("{FAE04EC0-301F-11D3-BF4B-00C04F79EFBC}") = "DrawingPanelFw", "..\DrawingPanelFw\DrawingPanelFw.csproj", "{F043302A-FD53-4A1A-B0D8-24ECB68B1CC5}"
EndProject
Project("{FAE04EC0-301F-11D3-BF4B-00C04F79EFBC}") = "LicenseKey", "..\LicenseKey\LicenseKey.csproj", "{798D22CC-E28F-4BB4-9231-CE30626DADCD}"
EndProject
Global
	GlobalSection(SolutionConfigurationPlatforms) = preSolution
		Debug|Any CPU = Debug|Any CPU
		Release|Any CPU = Release|Any CPU
	EndGlobalSection
	GlobalSection(ProjectConfigurationPlatforms) = postSolution
		{573558D0-4F29-4C4B-B679-792BD6603809}.Debug|Any CPU.ActiveCfg = Debug|Any CPU
		{573558D0-4F29-4C4B-B679-792BD6603809}.Debug|Any CPU.Build.0 = Debug|Any CPU
		{573558D0-4F29-4C4B-B679-792BD6603809}.Release|Any CPU.ActiveCfg = Release|Any CPU
		{573558D0-4F29-4C4B-B679-792BD6603809}.Release|Any CPU.Build.0 = Release|Any CPU
		{F043302A-FD53-4A1A-B0D8-24ECB68B1CC5}.Debug|Any CPU.ActiveCfg = Debug|Any CPU
		{F043302A-FD53-4A1A-B0D8-24ECB68B1CC5}.Debug|Any CPU.Build.0 = Debug|Any CPU
		{F043302A-FD53-4A1A-B0D8-24ECB68B1CC5}.Release|Any CPU.ActiveCfg = Release|Any CPU
		{F043302A-FD53-4A1A-B0D8-24ECB68B1CC5}.Release|Any CPU.Build.0 = Release|Any CPU
		{798D22CC-E28F-4BB4-9231-CE30626DADCD}.Debug|Any CPU.ActiveCfg = Debug|Any CPU
		{798D22CC-E28F-4BB4-9231-CE30626DADCD}.Debug|Any CPU.Build.0 = Debug|Any CPU
		{798D22CC-E28F-4BB4-9231-CE30626DADCD}.Release|Any CPU.ActiveCfg = Release|Any CPU
		{798D22CC-E28F-4BB4-9231-CE30626DADCD}.Release|Any CPU.Build.0 = Release|Any CPU
	EndGlobalSection
	GlobalSection(SolutionProperties) = preSolution
		HideSolutionNode = FALSE
	EndGlobalSection
	GlobalSection(ExtensibilityGlobals) = postSolution
		SolutionGuid = {CA596A2A-6CE4-44DC-B7E8-142F9E6BEC29}
	EndGlobalSection
EndGlobal
